// !$*UTF8*$!
{
	archiveVersion = 1;
	classes = {
	};
	objectVersion = 56;
	objects = {

/* Begin PBXBuildFile section */
		C8BD984E2AE420860048AB0C /* SigueMiSaludApp.swift in Sources */ = {isa = PBXBuildFile; fileRef = C8BD984D2AE420860048AB0C /* SigueMiSaludApp.swift */; };
		C8BD98502AE420860048AB0C /* ContentView.swift in Sources */ = {isa = PBXBuildFile; fileRef = C8BD984F2AE420860048AB0C /* ContentView.swift */; };
		C8BD98522AE420870048AB0C /* Assets.xcassets in Resources */ = {isa = PBXBuildFile; fileRef = C8BD98512AE420870048AB0C /* Assets.xcassets */; };
		C8BD98562AE420870048AB0C /* Preview Assets.xcassets in Resources */ = {isa = PBXBuildFile; fileRef = C8BD98552AE420870048AB0C /* Preview Assets.xcassets */; };
		C8BD98602AE420870048AB0C /* SigueMiSaludTests.swift in Sources */ = {isa = PBXBuildFile; fileRef = C8BD985F2AE420870048AB0C /* SigueMiSaludTests.swift */; };
		C8BD986A2AE420870048AB0C /* SigueMiSaludUITests.swift in Sources */ = {isa = PBXBuildFile; fileRef = C8BD98692AE420870048AB0C /* SigueMiSaludUITests.swift */; };
		C8BD986C2AE420870048AB0C /* SigueMiSaludUITestsLaunchTests.swift in Sources */ = {isa = PBXBuildFile; fileRef = C8BD986B2AE420870048AB0C /* SigueMiSaludUITestsLaunchTests.swift */; };
		C8BD987A2AE428620048AB0C /* APIClient.swift in Sources */ = {isa = PBXBuildFile; fileRef = C8BD98792AE428620048AB0C /* APIClient.swift */; };
		C8BD987D2AE428B10048AB0C /* SwiftJWT in Frameworks */ = {isa = PBXBuildFile; productRef = C8BD987C2AE428B10048AB0C /* SwiftJWT */; };
		C8BD987F2AE428EE0048AB0C /* JWT.swift in Sources */ = {isa = PBXBuildFile; fileRef = C8BD987E2AE428EE0048AB0C /* JWT.swift */; };
		C8BD98822AE429EB0048AB0C /* Auth.swift in Sources */ = {isa = PBXBuildFile; fileRef = C8BD98812AE429EB0048AB0C /* Auth.swift */; };
		C8BD98852AE455D50048AB0C /* User.swift in Sources */ = {isa = PBXBuildFile; fileRef = C8BD98842AE455D50048AB0C /* User.swift */; };
		C8BD98882AE45A580048AB0C /* MainView.swift in Sources */ = {isa = PBXBuildFile; fileRef = C8BD98872AE45A580048AB0C /* MainView.swift */; };
		C8BD988B2AE5425F0048AB0C /* HealthResult.swift in Sources */ = {isa = PBXBuildFile; fileRef = C8BD988A2AE5425F0048AB0C /* HealthResult.swift */; };
		C8BD988D2AE546680048AB0C /* Results.swift in Sources */ = {isa = PBXBuildFile; fileRef = C8BD988C2AE546680048AB0C /* Results.swift */; };
		C8BD988F2AE57EC10048AB0C /* ResultsView.swift in Sources */ = {isa = PBXBuildFile; fileRef = C8BD988E2AE57EC10048AB0C /* ResultsView.swift */; };
		C8BD98912AE585860048AB0C /* ResultDetails.swift in Sources */ = {isa = PBXBuildFile; fileRef = C8BD98902AE585860048AB0C /* ResultDetails.swift */; };
		C8BD989B2AED3F430048AB0C /* DateUtils.swift in Sources */ = {isa = PBXBuildFile; fileRef = C8BD989A2AED3F430048AB0C /* DateUtils.swift */; };
		C8BD989D2AED41080048AB0C /* StaticLogin.swift in Sources */ = {isa = PBXBuildFile; fileRef = C8BD989C2AED41080048AB0C /* StaticLogin.swift */; };
		C8BD989F2AED6C100048AB0C /* ColorExtensions.swift in Sources */ = {isa = PBXBuildFile; fileRef = C8BD989E2AED6C100048AB0C /* ColorExtensions.swift */; };
/* End PBXBuildFile section */

/* Begin PBXContainerItemProxy section */
		C8BD985C2AE420870048AB0C /* PBXContainerItemProxy */ = {
			isa = PBXContainerItemProxy;
			containerPortal = C8BD98422AE420860048AB0C /* Project object */;
			proxyType = 1;
			remoteGlobalIDString = C8BD98492AE420860048AB0C;
			remoteInfo = SigueMiSalud;
		};
		C8BD98662AE420870048AB0C /* PBXContainerItemProxy */ = {
			isa = PBXContainerItemProxy;
			containerPortal = C8BD98422AE420860048AB0C /* Project object */;
			proxyType = 1;
			remoteGlobalIDString = C8BD98492AE420860048AB0C;
			remoteInfo = SigueMiSalud;
		};
/* End PBXContainerItemProxy section */

/* Begin PBXFileReference section */
		C8BD984A2AE420860048AB0C /* SigueMiSalud.app */ = {isa = PBXFileReference; explicitFileType = wrapper.application; includeInIndex = 0; path = SigueMiSalud.app; sourceTree = BUILT_PRODUCTS_DIR; };
		C8BD984D2AE420860048AB0C /* SigueMiSaludApp.swift */ = {isa = PBXFileReference; lastKnownFileType = sourcecode.swift; path = SigueMiSaludApp.swift; sourceTree = "<group>"; };
		C8BD984F2AE420860048AB0C /* ContentView.swift */ = {isa = PBXFileReference; lastKnownFileType = sourcecode.swift; path = ContentView.swift; sourceTree = "<group>"; };
		C8BD98512AE420870048AB0C /* Assets.xcassets */ = {isa = PBXFileReference; lastKnownFileType = folder.assetcatalog; path = Assets.xcassets; sourceTree = "<group>"; };
		C8BD98532AE420870048AB0C /* SigueMiSalud.entitlements */ = {isa = PBXFileReference; lastKnownFileType = text.plist.entitlements; path = SigueMiSalud.entitlements; sourceTree = "<group>"; };
		C8BD98552AE420870048AB0C /* Preview Assets.xcassets */ = {isa = PBXFileReference; lastKnownFileType = folder.assetcatalog; path = "Preview Assets.xcassets"; sourceTree = "<group>"; };
		C8BD985B2AE420870048AB0C /* SigueMiSaludTests.xctest */ = {isa = PBXFileReference; explicitFileType = wrapper.cfbundle; includeInIndex = 0; path = SigueMiSaludTests.xctest; sourceTree = BUILT_PRODUCTS_DIR; };
		C8BD985F2AE420870048AB0C /* SigueMiSaludTests.swift */ = {isa = PBXFileReference; lastKnownFileType = sourcecode.swift; path = SigueMiSaludTests.swift; sourceTree = "<group>"; };
		C8BD98652AE420870048AB0C /* SigueMiSaludUITests.xctest */ = {isa = PBXFileReference; explicitFileType = wrapper.cfbundle; includeInIndex = 0; path = SigueMiSaludUITests.xctest; sourceTree = BUILT_PRODUCTS_DIR; };
		C8BD98692AE420870048AB0C /* SigueMiSaludUITests.swift */ = {isa = PBXFileReference; lastKnownFileType = sourcecode.swift; path = SigueMiSaludUITests.swift; sourceTree = "<group>"; };
		C8BD986B2AE420870048AB0C /* SigueMiSaludUITestsLaunchTests.swift */ = {isa = PBXFileReference; lastKnownFileType = sourcecode.swift; path = SigueMiSaludUITestsLaunchTests.swift; sourceTree = "<group>"; };
		C8BD98792AE428620048AB0C /* APIClient.swift */ = {isa = PBXFileReference; lastKnownFileType = sourcecode.swift; path = APIClient.swift; sourceTree = "<group>"; };
		C8BD987E2AE428EE0048AB0C /* JWT.swift */ = {isa = PBXFileReference; lastKnownFileType = sourcecode.swift; path = JWT.swift; sourceTree = "<group>"; };
		C8BD98812AE429EB0048AB0C /* Auth.swift */ = {isa = PBXFileReference; lastKnownFileType = sourcecode.swift; path = Auth.swift; sourceTree = "<group>"; };
		C8BD98842AE455D50048AB0C /* User.swift */ = {isa = PBXFileReference; lastKnownFileType = sourcecode.swift; path = User.swift; sourceTree = "<group>"; };
		C8BD98872AE45A580048AB0C /* MainView.swift */ = {isa = PBXFileReference; lastKnownFileType = sourcecode.swift; path = MainView.swift; sourceTree = "<group>"; };
		C8BD988A2AE5425F0048AB0C /* HealthResult.swift */ = {isa = PBXFileReference; lastKnownFileType = sourcecode.swift; path = HealthResult.swift; sourceTree = "<group>"; };
		C8BD988C2AE546680048AB0C /* Results.swift */ = {isa = PBXFileReference; lastKnownFileType = sourcecode.swift; path = Results.swift; sourceTree = "<group>"; };
		C8BD988E2AE57EC10048AB0C /* ResultsView.swift */ = {isa = PBXFileReference; lastKnownFileType = sourcecode.swift; path = ResultsView.swift; sourceTree = "<group>"; };
		C8BD98902AE585860048AB0C /* ResultDetails.swift */ = {isa = PBXFileReference; lastKnownFileType = sourcecode.swift; path = ResultDetails.swift; sourceTree = "<group>"; };
		C8BD989A2AED3F430048AB0C /* DateUtils.swift */ = {isa = PBXFileReference; lastKnownFileType = sourcecode.swift; path = DateUtils.swift; sourceTree = "<group>"; };
		C8BD989C2AED41080048AB0C /* StaticLogin.swift */ = {isa = PBXFileReference; lastKnownFileType = sourcecode.swift; path = StaticLogin.swift; sourceTree = "<group>"; };
		C8BD989E2AED6C100048AB0C /* ColorExtensions.swift */ = {isa = PBXFileReference; lastKnownFileType = sourcecode.swift; path = ColorExtensions.swift; sourceTree = "<group>"; };
/* End PBXFileReference section */

/* Begin PBXFrameworksBuildPhase section */
		C8BD98472AE420860048AB0C /* Frameworks */ = {
			isa = PBXFrameworksBuildPhase;
			buildActionMask = 2147483647;
			files = (
				C8BD987D2AE428B10048AB0C /* SwiftJWT in Frameworks */,
			);
			runOnlyForDeploymentPostprocessing = 0;
		};
		C8BD98582AE420870048AB0C /* Frameworks */ = {
			isa = PBXFrameworksBuildPhase;
			buildActionMask = 2147483647;
			files = (
			);
			runOnlyForDeploymentPostprocessing = 0;
		};
		C8BD98622AE420870048AB0C /* Frameworks */ = {
			isa = PBXFrameworksBuildPhase;
			buildActionMask = 2147483647;
			files = (
			);
			runOnlyForDeploymentPostprocessing = 0;
		};
/* End PBXFrameworksBuildPhase section */

/* Begin PBXGroup section */
		C8BD98412AE420860048AB0C = {
			isa = PBXGroup;
			children = (
				C8BD984C2AE420860048AB0C /* SigueMiSalud */,
				C8BD985E2AE420870048AB0C /* SigueMiSaludTests */,
				C8BD98682AE420870048AB0C /* SigueMiSaludUITests */,
				C8BD984B2AE420860048AB0C /* Products */,
			);
			sourceTree = "<group>";
		};
		C8BD984B2AE420860048AB0C /* Products */ = {
			isa = PBXGroup;
			children = (
				C8BD984A2AE420860048AB0C /* SigueMiSalud.app */,
				C8BD985B2AE420870048AB0C /* SigueMiSaludTests.xctest */,
				C8BD98652AE420870048AB0C /* SigueMiSaludUITests.xctest */,
			);
			name = Products;
			sourceTree = "<group>";
		};
		C8BD984C2AE420860048AB0C /* SigueMiSalud */ = {
			isa = PBXGroup;
			children = (
				C8BD98992AED3F380048AB0C /* Utils */,
				C8BD98862AE45A4E0048AB0C /* Screens */,
				C8BD98832AE455C10048AB0C /* Environment */,
				C8BD98782AE4284C0048AB0C /* API */,
				C8BD984D2AE420860048AB0C /* SigueMiSaludApp.swift */,
				C8BD984F2AE420860048AB0C /* ContentView.swift */,
				C8BD98512AE420870048AB0C /* Assets.xcassets */,
				C8BD98532AE420870048AB0C /* SigueMiSalud.entitlements */,
				C8BD98542AE420870048AB0C /* Preview Content */,
			);
			path = SigueMiSalud;
			sourceTree = "<group>";
		};
		C8BD98542AE420870048AB0C /* Preview Content */ = {
			isa = PBXGroup;
			children = (
				C8BD98552AE420870048AB0C /* Preview Assets.xcassets */,
			);
			path = "Preview Content";
			sourceTree = "<group>";
		};
		C8BD985E2AE420870048AB0C /* SigueMiSaludTests */ = {
			isa = PBXGroup;
			children = (
				C8BD985F2AE420870048AB0C /* SigueMiSaludTests.swift */,
			);
			path = SigueMiSaludTests;
			sourceTree = "<group>";
		};
		C8BD98682AE420870048AB0C /* SigueMiSaludUITests */ = {
			isa = PBXGroup;
			children = (
				C8BD98692AE420870048AB0C /* SigueMiSaludUITests.swift */,
				C8BD986B2AE420870048AB0C /* SigueMiSaludUITestsLaunchTests.swift */,
			);
			path = SigueMiSaludUITests;
			sourceTree = "<group>";
		};
		C8BD98782AE4284C0048AB0C /* API */ = {
			isa = PBXGroup;
			children = (
				C8BD98892AE542420048AB0C /* Model */,
				C8BD98802AE429DE0048AB0C /* ReqRes */,
				C8BD98792AE428620048AB0C /* APIClient.swift */,
				C8BD987E2AE428EE0048AB0C /* JWT.swift */,
			);
			path = API;
			sourceTree = "<group>";
		};
		C8BD98802AE429DE0048AB0C /* ReqRes */ = {
			isa = PBXGroup;
			children = (
				C8BD98812AE429EB0048AB0C /* Auth.swift */,
				C8BD988C2AE546680048AB0C /* Results.swift */,
			);
			path = ReqRes;
			sourceTree = "<group>";
		};
		C8BD98832AE455C10048AB0C /* Environment */ = {
			isa = PBXGroup;
			children = (
				C8BD98842AE455D50048AB0C /* User.swift */,
			);
			path = Environment;
			sourceTree = "<group>";
		};
		C8BD98862AE45A4E0048AB0C /* Screens */ = {
			isa = PBXGroup;
			children = (
				C8BD98872AE45A580048AB0C /* MainView.swift */,
				C8BD988E2AE57EC10048AB0C /* ResultsView.swift */,
				C8BD98902AE585860048AB0C /* ResultDetails.swift */,
			);
			path = Screens;
			sourceTree = "<group>";
		};
		C8BD98892AE542420048AB0C /* Model */ = {
			isa = PBXGroup;
			children = (
				C8BD988A2AE5425F0048AB0C /* HealthResult.swift */,
			);
			path = Model;
			sourceTree = "<group>";
		};
		C8BD98992AED3F380048AB0C /* Utils */ = {
			isa = PBXGroup;
			children = (
				C8BD989A2AED3F430048AB0C /* DateUtils.swift */,
				C8BD989C2AED41080048AB0C /* StaticLogin.swift */,
				C8BD989E2AED6C100048AB0C /* ColorExtensions.swift */,
			);
			path = Utils;
			sourceTree = "<group>";
		};
/* End PBXGroup section */

/* Begin PBXNativeTarget section */
		C8BD98492AE420860048AB0C /* SigueMiSalud */ = {
			isa = PBXNativeTarget;
			buildConfigurationList = C8BD986F2AE420870048AB0C /* Build configuration list for PBXNativeTarget "SigueMiSalud" */;
			buildPhases = (
				C8BD98462AE420860048AB0C /* Sources */,
				C8BD98472AE420860048AB0C /* Frameworks */,
				C8BD98482AE420860048AB0C /* Resources */,
			);
			buildRules = (
			);
			dependencies = (
			);
			name = SigueMiSalud;
			packageProductDependencies = (
				C8BD987C2AE428B10048AB0C /* SwiftJWT */,
			);
			productName = SigueMiSalud;
			productReference = C8BD984A2AE420860048AB0C /* SigueMiSalud.app */;
			productType = "com.apple.product-type.application";
		};
		C8BD985A2AE420870048AB0C /* SigueMiSaludTests */ = {
			isa = PBXNativeTarget;
			buildConfigurationList = C8BD98722AE420870048AB0C /* Build configuration list for PBXNativeTarget "SigueMiSaludTests" */;
			buildPhases = (
				C8BD98572AE420870048AB0C /* Sources */,
				C8BD98582AE420870048AB0C /* Frameworks */,
				C8BD98592AE420870048AB0C /* Resources */,
			);
			buildRules = (
			);
			dependencies = (
				C8BD985D2AE420870048AB0C /* PBXTargetDependency */,
			);
			name = SigueMiSaludTests;
			productName = SigueMiSaludTests;
			productReference = C8BD985B2AE420870048AB0C /* SigueMiSaludTests.xctest */;
			productType = "com.apple.product-type.bundle.unit-test";
		};
		C8BD98642AE420870048AB0C /* SigueMiSaludUITests */ = {
			isa = PBXNativeTarget;
			buildConfigurationList = C8BD98752AE420870048AB0C /* Build configuration list for PBXNativeTarget "SigueMiSaludUITests" */;
			buildPhases = (
				C8BD98612AE420870048AB0C /* Sources */,
				C8BD98622AE420870048AB0C /* Frameworks */,
				C8BD98632AE420870048AB0C /* Resources */,
			);
			buildRules = (
			);
			dependencies = (
				C8BD98672AE420870048AB0C /* PBXTargetDependency */,
			);
			name = SigueMiSaludUITests;
			productName = SigueMiSaludUITests;
			productReference = C8BD98652AE420870048AB0C /* SigueMiSaludUITests.xctest */;
			productType = "com.apple.product-type.bundle.ui-testing";
		};
/* End PBXNativeTarget section */

/* Begin PBXProject section */
		C8BD98422AE420860048AB0C /* Project object */ = {
			isa = PBXProject;
			attributes = {
				BuildIndependentTargetsInParallel = 1;
				LastSwiftUpdateCheck = 1500;
				LastUpgradeCheck = 1500;
				TargetAttributes = {
					C8BD98492AE420860048AB0C = {
						CreatedOnToolsVersion = 15.0;
					};
					C8BD985A2AE420870048AB0C = {
						CreatedOnToolsVersion = 15.0;
						TestTargetID = C8BD98492AE420860048AB0C;
					};
					C8BD98642AE420870048AB0C = {
						CreatedOnToolsVersion = 15.0;
						TestTargetID = C8BD98492AE420860048AB0C;
					};
				};
			};
			buildConfigurationList = C8BD98452AE420860048AB0C /* Build configuration list for PBXProject "SigueMiSalud" */;
			compatibilityVersion = "Xcode 14.0";
			developmentRegion = en;
			hasScannedForEncodings = 0;
			knownRegions = (
				en,
				Base,
			);
			mainGroup = C8BD98412AE420860048AB0C;
			packageReferences = (
				C8BD987B2AE428B10048AB0C /* XCRemoteSwiftPackageReference "Swift-JWT" */,
			);
			productRefGroup = C8BD984B2AE420860048AB0C /* Products */;
			projectDirPath = "";
			projectRoot = "";
			targets = (
				C8BD98492AE420860048AB0C /* SigueMiSalud */,
				C8BD985A2AE420870048AB0C /* SigueMiSaludTests */,
				C8BD98642AE420870048AB0C /* SigueMiSaludUITests */,
			);
		};
/* End PBXProject section */

/* Begin PBXResourcesBuildPhase section */
		C8BD98482AE420860048AB0C /* Resources */ = {
			isa = PBXResourcesBuildPhase;
			buildActionMask = 2147483647;
			files = (
				C8BD98562AE420870048AB0C /* Preview Assets.xcassets in Resources */,
				C8BD98522AE420870048AB0C /* Assets.xcassets in Resources */,
			);
			runOnlyForDeploymentPostprocessing = 0;
		};
		C8BD98592AE420870048AB0C /* Resources */ = {
			isa = PBXResourcesBuildPhase;
			buildActionMask = 2147483647;
			files = (
			);
			runOnlyForDeploymentPostprocessing = 0;
		};
		C8BD98632AE420870048AB0C /* Resources */ = {
			isa = PBXResourcesBuildPhase;
			buildActionMask = 2147483647;
			files = (
			);
			runOnlyForDeploymentPostprocessing = 0;
		};
/* End PBXResourcesBuildPhase section */

/* Begin PBXSourcesBuildPhase section */
		C8BD98462AE420860048AB0C /* Sources */ = {
			isa = PBXSourcesBuildPhase;
			buildActionMask = 2147483647;
			files = (
				C8BD98822AE429EB0048AB0C /* Auth.swift in Sources */,
				C8BD989B2AED3F430048AB0C /* DateUtils.swift in Sources */,
				C8BD98882AE45A580048AB0C /* MainView.swift in Sources */,
				C8BD98912AE585860048AB0C /* ResultDetails.swift in Sources */,
				C8BD988B2AE5425F0048AB0C /* HealthResult.swift in Sources */,
				C8BD988F2AE57EC10048AB0C /* ResultsView.swift in Sources */,
				C8BD98502AE420860048AB0C /* ContentView.swift in Sources */,
				C8BD98852AE455D50048AB0C /* User.swift in Sources */,
				C8BD987F2AE428EE0048AB0C /* JWT.swift in Sources */,
				C8BD989D2AED41080048AB0C /* StaticLogin.swift in Sources */,
				C8BD988D2AE546680048AB0C /* Results.swift in Sources */,
				C8BD984E2AE420860048AB0C /* SigueMiSaludApp.swift in Sources */,
				C8BD987A2AE428620048AB0C /* APIClient.swift in Sources */,
				C8BD989F2AED6C100048AB0C /* ColorExtensions.swift in Sources */,
			);
			runOnlyForDeploymentPostprocessing = 0;
		};
		C8BD98572AE420870048AB0C /* Sources */ = {
			isa = PBXSourcesBuildPhase;
			buildActionMask = 2147483647;
			files = (
				C8BD98602AE420870048AB0C /* SigueMiSaludTests.swift in Sources */,
			);
			runOnlyForDeploymentPostprocessing = 0;
		};
		C8BD98612AE420870048AB0C /* Sources */ = {
			isa = PBXSourcesBuildPhase;
			buildActionMask = 2147483647;
			files = (
				C8BD986C2AE420870048AB0C /* SigueMiSaludUITestsLaunchTests.swift in Sources */,
				C8BD986A2AE420870048AB0C /* SigueMiSaludUITests.swift in Sources */,
			);
			runOnlyForDeploymentPostprocessing = 0;
		};
/* End PBXSourcesBuildPhase section */

/* Begin PBXTargetDependency section */
		C8BD985D2AE420870048AB0C /* PBXTargetDependency */ = {
			isa = PBXTargetDependency;
			target = C8BD98492AE420860048AB0C /* SigueMiSalud */;
			targetProxy = C8BD985C2AE420870048AB0C /* PBXContainerItemProxy */;
		};
		C8BD98672AE420870048AB0C /* PBXTargetDependency */ = {
			isa = PBXTargetDependency;
			target = C8BD98492AE420860048AB0C /* SigueMiSalud */;
			targetProxy = C8BD98662AE420870048AB0C /* PBXContainerItemProxy */;
		};
/* End PBXTargetDependency section */

/* Begin XCBuildConfiguration section */
		C8BD986D2AE420870048AB0C /* Debug */ = {
			isa = XCBuildConfiguration;
			buildSettings = {
				ALWAYS_SEARCH_USER_PATHS = NO;
				ASSETCATALOG_COMPILER_GENERATE_SWIFT_ASSET_SYMBOL_EXTENSIONS = YES;
				CLANG_ANALYZER_NONNULL = YES;
				CLANG_ANALYZER_NUMBER_OBJECT_CONVERSION = YES_AGGRESSIVE;
				CLANG_CXX_LANGUAGE_STANDARD = "gnu++20";
				CLANG_ENABLE_MODULES = YES;
				CLANG_ENABLE_OBJC_ARC = YES;
				CLANG_ENABLE_OBJC_WEAK = YES;
				CLANG_WARN_BLOCK_CAPTURE_AUTORELEASING = YES;
				CLANG_WARN_BOOL_CONVERSION = YES;
				CLANG_WARN_COMMA = YES;
				CLANG_WARN_CONSTANT_CONVERSION = YES;
				CLANG_WARN_DEPRECATED_OBJC_IMPLEMENTATIONS = YES;
				CLANG_WARN_DIRECT_OBJC_ISA_USAGE = YES_ERROR;
				CLANG_WARN_DOCUMENTATION_COMMENTS = YES;
				CLANG_WARN_EMPTY_BODY = YES;
				CLANG_WARN_ENUM_CONVERSION = YES;
				CLANG_WARN_INFINITE_RECURSION = YES;
				CLANG_WARN_INT_CONVERSION = YES;
				CLANG_WARN_NON_LITERAL_NULL_CONVERSION = YES;
				CLANG_WARN_OBJC_IMPLICIT_RETAIN_SELF = YES;
				CLANG_WARN_OBJC_LITERAL_CONVERSION = YES;
				CLANG_WARN_OBJC_ROOT_CLASS = YES_ERROR;
				CLANG_WARN_QUOTED_INCLUDE_IN_FRAMEWORK_HEADER = YES;
				CLANG_WARN_RANGE_LOOP_ANALYSIS = YES;
				CLANG_WARN_STRICT_PROTOTYPES = YES;
				CLANG_WARN_SUSPICIOUS_MOVE = YES;
				CLANG_WARN_UNGUARDED_AVAILABILITY = YES_AGGRESSIVE;
				CLANG_WARN_UNREACHABLE_CODE = YES;
				CLANG_WARN__DUPLICATE_METHOD_MATCH = YES;
				COPY_PHASE_STRIP = NO;
				DEBUG_INFORMATION_FORMAT = dwarf;
				ENABLE_STRICT_OBJC_MSGSEND = YES;
				ENABLE_TESTABILITY = YES;
				ENABLE_USER_SCRIPT_SANDBOXING = YES;
				GCC_C_LANGUAGE_STANDARD = gnu17;
				GCC_DYNAMIC_NO_PIC = NO;
				GCC_NO_COMMON_BLOCKS = YES;
				GCC_OPTIMIZATION_LEVEL = 0;
				GCC_PREPROCESSOR_DEFINITIONS = (
					"DEBUG=1",
					"$(inherited)",
				);
				GCC_WARN_64_TO_32_BIT_CONVERSION = YES;
				GCC_WARN_ABOUT_RETURN_TYPE = YES_ERROR;
				GCC_WARN_UNDECLARED_SELECTOR = YES;
				GCC_WARN_UNINITIALIZED_AUTOS = YES_AGGRESSIVE;
				GCC_WARN_UNUSED_FUNCTION = YES;
				GCC_WARN_UNUSED_VARIABLE = YES;
				LOCALIZATION_PREFERS_STRING_CATALOGS = YES;
				MTL_ENABLE_DEBUG_INFO = INCLUDE_SOURCE;
				MTL_FAST_MATH = YES;
				ONLY_ACTIVE_ARCH = YES;
				SWIFT_ACTIVE_COMPILATION_CONDITIONS = "DEBUG $(inherited)";
				SWIFT_OPTIMIZATION_LEVEL = "-Onone";
			};
			name = Debug;
		};
		C8BD986E2AE420870048AB0C /* Release */ = {
			isa = XCBuildConfiguration;
			buildSettings = {
				ALWAYS_SEARCH_USER_PATHS = NO;
				ASSETCATALOG_COMPILER_GENERATE_SWIFT_ASSET_SYMBOL_EXTENSIONS = YES;
				CLANG_ANALYZER_NONNULL = YES;
				CLANG_ANALYZER_NUMBER_OBJECT_CONVERSION = YES_AGGRESSIVE;
				CLANG_CXX_LANGUAGE_STANDARD = "gnu++20";
				CLANG_ENABLE_MODULES = YES;
				CLANG_ENABLE_OBJC_ARC = YES;
				CLANG_ENABLE_OBJC_WEAK = YES;
				CLANG_WARN_BLOCK_CAPTURE_AUTORELEASING = YES;
				CLANG_WARN_BOOL_CONVERSION = YES;
				CLANG_WARN_COMMA = YES;
				CLANG_WARN_CONSTANT_CONVERSION = YES;
				CLANG_WARN_DEPRECATED_OBJC_IMPLEMENTATIONS = YES;
				CLANG_WARN_DIRECT_OBJC_ISA_USAGE = YES_ERROR;
				CLANG_WARN_DOCUMENTATION_COMMENTS = YES;
				CLANG_WARN_EMPTY_BODY = YES;
				CLANG_WARN_ENUM_CONVERSION = YES;
				CLANG_WARN_INFINITE_RECURSION = YES;
				CLANG_WARN_INT_CONVERSION = YES;
				CLANG_WARN_NON_LITERAL_NULL_CONVERSION = YES;
				CLANG_WARN_OBJC_IMPLICIT_RETAIN_SELF = YES;
				CLANG_WARN_OBJC_LITERAL_CONVERSION = YES;
				CLANG_WARN_OBJC_ROOT_CLASS = YES_ERROR;
				CLANG_WARN_QUOTED_INCLUDE_IN_FRAMEWORK_HEADER = YES;
				CLANG_WARN_RANGE_LOOP_ANALYSIS = YES;
				CLANG_WARN_STRICT_PROTOTYPES = YES;
				CLANG_WARN_SUSPICIOUS_MOVE = YES;
				CLANG_WARN_UNGUARDED_AVAILABILITY = YES_AGGRESSIVE;
				CLANG_WARN_UNREACHABLE_CODE = YES;
				CLANG_WARN__DUPLICATE_METHOD_MATCH = YES;
				COPY_PHASE_STRIP = NO;
				DEBUG_INFORMATION_FORMAT = "dwarf-with-dsym";
				ENABLE_NS_ASSERTIONS = NO;
				ENABLE_STRICT_OBJC_MSGSEND = YES;
				ENABLE_USER_SCRIPT_SANDBOXING = YES;
				GCC_C_LANGUAGE_STANDARD = gnu17;
				GCC_NO_COMMON_BLOCKS = YES;
				GCC_WARN_64_TO_32_BIT_CONVERSION = YES;
				GCC_WARN_ABOUT_RETURN_TYPE = YES_ERROR;
				GCC_WARN_UNDECLARED_SELECTOR = YES;
				GCC_WARN_UNINITIALIZED_AUTOS = YES_AGGRESSIVE;
				GCC_WARN_UNUSED_FUNCTION = YES;
				GCC_WARN_UNUSED_VARIABLE = YES;
				LOCALIZATION_PREFERS_STRING_CATALOGS = YES;
				MTL_ENABLE_DEBUG_INFO = NO;
				MTL_FAST_MATH = YES;
				SWIFT_COMPILATION_MODE = wholemodule;
			};
			name = Release;
		};
		C8BD98702AE420870048AB0C /* Debug */ = {
			isa = XCBuildConfiguration;
			buildSettings = {
				ASSETCATALOG_COMPILER_APPICON_NAME = AppIcon;
				ASSETCATALOG_COMPILER_GLOBAL_ACCENT_COLOR_NAME = AccentColor;
				CODE_SIGN_ENTITLEMENTS = SigueMiSalud/SigueMiSalud.entitlements;
				CODE_SIGN_STYLE = Automatic;
				CURRENT_PROJECT_VERSION = 1;
				DEVELOPMENT_ASSET_PATHS = "\"SigueMiSalud/Preview Content\"";
				DEVELOPMENT_TEAM = T9G4KUKSVP;
				ENABLE_HARDENED_RUNTIME = YES;
				ENABLE_PREVIEWS = YES;
				GENERATE_INFOPLIST_FILE = YES;
				"INFOPLIST_KEY_UIApplicationSceneManifest_Generation[sdk=iphoneos*]" = YES;
				"INFOPLIST_KEY_UIApplicationSceneManifest_Generation[sdk=iphonesimulator*]" = YES;
				"INFOPLIST_KEY_UIApplicationSupportsIndirectInputEvents[sdk=iphoneos*]" = YES;
				"INFOPLIST_KEY_UIApplicationSupportsIndirectInputEvents[sdk=iphonesimulator*]" = YES;
				"INFOPLIST_KEY_UILaunchScreen_Generation[sdk=iphoneos*]" = YES;
				"INFOPLIST_KEY_UILaunchScreen_Generation[sdk=iphonesimulator*]" = YES;
				"INFOPLIST_KEY_UIStatusBarStyle[sdk=iphoneos*]" = UIStatusBarStyleDefault;
				"INFOPLIST_KEY_UIStatusBarStyle[sdk=iphonesimulator*]" = UIStatusBarStyleDefault;
				INFOPLIST_KEY_UISupportedInterfaceOrientations_iPad = "UIInterfaceOrientationPortrait UIInterfaceOrientationPortraitUpsideDown UIInterfaceOrientationLandscapeLeft UIInterfaceOrientationLandscapeRight";
				INFOPLIST_KEY_UISupportedInterfaceOrientations_iPhone = "UIInterfaceOrientationPortrait UIInterfaceOrientationLandscapeLeft UIInterfaceOrientationLandscapeRight";
				IPHONEOS_DEPLOYMENT_TARGET = 17.0;
				LD_RUNPATH_SEARCH_PATHS = "@executable_path/Frameworks";
				"LD_RUNPATH_SEARCH_PATHS[sdk=macosx*]" = "@executable_path/../Frameworks";
				MACOSX_DEPLOYMENT_TARGET = 14.0;
				MARKETING_VERSION = 1.0;
				PRODUCT_BUNDLE_IDENTIFIER = org.sillik.SigueMiSalud;
				PRODUCT_NAME = "$(TARGET_NAME)";
				SDKROOT = auto;
				SUPPORTED_PLATFORMS = "iphoneos iphonesimulator macosx";
				SWIFT_EMIT_LOC_STRINGS = YES;
				SWIFT_VERSION = 5.0;
				TARGETED_DEVICE_FAMILY = "1,2";
			};
			name = Debug;
		};
		C8BD98712AE420870048AB0C /* Release */ = {
			isa = XCBuildConfiguration;
			buildSettings = {
				ASSETCATALOG_COMPILER_APPICON_NAME = AppIcon;
				ASSETCATALOG_COMPILER_GLOBAL_ACCENT_COLOR_NAME = AccentColor;
				CODE_SIGN_ENTITLEMENTS = SigueMiSalud/SigueMiSalud.entitlements;
				CODE_SIGN_STYLE = Automatic;
				CURRENT_PROJECT_VERSION = 1;
				DEVELOPMENT_ASSET_PATHS = "\"SigueMiSalud/Preview Content\"";
				DEVELOPMENT_TEAM = T9G4KUKSVP;
				ENABLE_HARDENED_RUNTIME = YES;
				ENABLE_PREVIEWS = YES;
				GENERATE_INFOPLIST_FILE = YES;
				"INFOPLIST_KEY_UIApplicationSceneManifest_Generation[sdk=iphoneos*]" = YES;
				"INFOPLIST_KEY_UIApplicationSceneManifest_Generation[sdk=iphonesimulator*]" = YES;
				"INFOPLIST_KEY_UIApplicationSupportsIndirectInputEvents[sdk=iphoneos*]" = YES;
				"INFOPLIST_KEY_UIApplicationSupportsIndirectInputEvents[sdk=iphonesimulator*]" = YES;
				"INFOPLIST_KEY_UILaunchScreen_Generation[sdk=iphoneos*]" = YES;
				"INFOPLIST_KEY_UILaunchScreen_Generation[sdk=iphonesimulator*]" = YES;
				"INFOPLIST_KEY_UIStatusBarStyle[sdk=iphoneos*]" = UIStatusBarStyleDefault;
				"INFOPLIST_KEY_UIStatusBarStyle[sdk=iphonesimulator*]" = UIStatusBarStyleDefault;
				INFOPLIST_KEY_UISupportedInterfaceOrientations_iPad = "UIInterfaceOrientationPortrait UIInterfaceOrientationPortraitUpsideDown UIInterfaceOrientationLandscapeLeft UIInterfaceOrientationLandscapeRight";
				INFOPLIST_KEY_UISupportedInterfaceOrientations_iPhone = "UIInterfaceOrientationPortrait UIInterfaceOrientationLandscapeLeft UIInterfaceOrientationLandscapeRight";
				IPHONEOS_DEPLOYMENT_TARGET = 17.0;
				LD_RUNPATH_SEARCH_PATHS = "@executable_path/Frameworks";
				"LD_RUNPATH_SEARCH_PATHS[sdk=macosx*]" = "@executable_path/../Frameworks";
				MACOSX_DEPLOYMENT_TARGET = 14.0;
				MARKETING_VERSION = 1.0;
				PRODUCT_BUNDLE_IDENTIFIER = org.sillik.SigueMiSalud;
				PRODUCT_NAME = "$(TARGET_NAME)";
				SDKROOT = auto;
				SUPPORTED_PLATFORMS = "iphoneos iphonesimulator macosx";
				SWIFT_EMIT_LOC_STRINGS = YES;
				SWIFT_VERSION = 5.0;
				TARGETED_DEVICE_FAMILY = "1,2";
			};
			name = Release;
		};
		C8BD98732AE420870048AB0C /* Debug */ = {
			isa = XCBuildConfiguration;
			buildSettings = {
				ALWAYS_EMBED_SWIFT_STANDARD_LIBRARIES = YES;
				BUNDLE_LOADER = "$(TEST_HOST)";
				CODE_SIGN_STYLE = Automatic;
				CURRENT_PROJECT_VERSION = 1;
				DEVELOPMENT_TEAM = T9G4KUKSVP;
				GENERATE_INFOPLIST_FILE = YES;
				IPHONEOS_DEPLOYMENT_TARGET = 17.0;
				MACOSX_DEPLOYMENT_TARGET = 14.0;
				MARKETING_VERSION = 1.0;
				PRODUCT_BUNDLE_IDENTIFIER = org.sillik.SigueMiSaludTests;
				PRODUCT_NAME = "$(TARGET_NAME)";
				SDKROOT = auto;
				SUPPORTED_PLATFORMS = "iphoneos iphonesimulator macosx";
				SWIFT_EMIT_LOC_STRINGS = NO;
				SWIFT_VERSION = 5.0;
				TARGETED_DEVICE_FAMILY = "1,2";
				TEST_HOST = "$(BUILT_PRODUCTS_DIR)/SigueMiSalud.app/$(BUNDLE_EXECUTABLE_FOLDER_PATH)/SigueMiSalud";
			};
			name = Debug;
		};
		C8BD98742AE420870048AB0C /* Release */ = {
			isa = XCBuildConfiguration;
			buildSettings = {
				ALWAYS_EMBED_SWIFT_STANDARD_LIBRARIES = YES;
				BUNDLE_LOADER = "$(TEST_HOST)";
				CODE_SIGN_STYLE = Automatic;
				CURRENT_PROJECT_VERSION = 1;
				DEVELOPMENT_TEAM = T9G4KUKSVP;
				GENERATE_INFOPLIST_FILE = YES;
				IPHONEOS_DEPLOYMENT_TARGET = 17.0;
				MACOSX_DEPLOYMENT_TARGET = 14.0;
				MARKETING_VERSION = 1.0;
				PRODUCT_BUNDLE_IDENTIFIER = org.sillik.SigueMiSaludTests;
				PRODUCT_NAME = "$(TARGET_NAME)";
				SDKROOT = auto;
				SUPPORTED_PLATFORMS = "iphoneos iphonesimulator macosx";
				SWIFT_EMIT_LOC_STRINGS = NO;
				SWIFT_VERSION = 5.0;
				TARGETED_DEVICE_FAMILY = "1,2";
				TEST_HOST = "$(BUILT_PRODUCTS_DIR)/SigueMiSalud.app/$(BUNDLE_EXECUTABLE_FOLDER_PATH)/SigueMiSalud";
			};
			name = Release;
		};
		C8BD98762AE420870048AB0C /* Debug */ = {
			isa = XCBuildConfiguration;
			buildSettings = {
				ALWAYS_EMBED_SWIFT_STANDARD_LIBRARIES = YES;
				CODE_SIGN_STYLE = Automatic;
				CURRENT_PROJECT_VERSION = 1;
				DEVELOPMENT_TEAM = T9G4KUKSVP;
				GENERATE_INFOPLIST_FILE = YES;
				IPHONEOS_DEPLOYMENT_TARGET = 17.0;
				MACOSX_DEPLOYMENT_TARGET = 14.0;
				MARKETING_VERSION = 1.0;
				PRODUCT_BUNDLE_IDENTIFIER = org.sillik.SigueMiSaludUITests;
				PRODUCT_NAME = "$(TARGET_NAME)";
				SDKROOT = auto;
				SUPPORTED_PLATFORMS = "iphoneos iphonesimulator macosx";
				SWIFT_EMIT_LOC_STRINGS = NO;
				SWIFT_VERSION = 5.0;
				TARGETED_DEVICE_FAMILY = "1,2";
				TEST_TARGET_NAME = SigueMiSalud;
			};
			name = Debug;
		};
		C8BD98772AE420870048AB0C /* Release */ = {
			isa = XCBuildConfiguration;
			buildSettings = {
				ALWAYS_EMBED_SWIFT_STANDARD_LIBRARIES = YES;
				CODE_SIGN_STYLE = Automatic;
				CURRENT_PROJECT_VERSION = 1;
				DEVELOPMENT_TEAM = T9G4KUKSVP;
				GENERATE_INFOPLIST_FILE = YES;
				IPHONEOS_DEPLOYMENT_TARGET = 17.0;
				MACOSX_DEPLOYMENT_TARGET = 14.0;
				MARKETING_VERSION = 1.0;
				PRODUCT_BUNDLE_IDENTIFIER = org.sillik.SigueMiSaludUITests;
				PRODUCT_NAME = "$(TARGET_NAME)";
				SDKROOT = auto;
				SUPPORTED_PLATFORMS = "iphoneos iphonesimulator macosx";
				SWIFT_EMIT_LOC_STRINGS = NO;
				SWIFT_VERSION = 5.0;
				TARGETED_DEVICE_FAMILY = "1,2";
				TEST_TARGET_NAME = SigueMiSalud;
			};
			name = Release;
		};
/* End XCBuildConfiguration section */

/* Begin XCConfigurationList section */
		C8BD98452AE420860048AB0C /* Build configuration list for PBXProject "SigueMiSalud" */ = {
			isa = XCConfigurationList;
			buildConfigurations = (
				C8BD986D2AE420870048AB0C /* Debug */,
				C8BD986E2AE420870048AB0C /* Release */,
			);
			defaultConfigurationIsVisible = 0;
			defaultConfigurationName = Release;
		};
		C8BD986F2AE420870048AB0C /* Build configuration list for PBXNativeTarget "SigueMiSalud" */ = {
			isa = XCConfigurationList;
			buildConfigurations = (
				C8BD98702AE420870048AB0C /* Debug */,
				C8BD98712AE420870048AB0C /* Release */,
			);
			defaultConfigurationIsVisible = 0;
			defaultConfigurationName = Release;
		};
		C8BD98722AE420870048AB0C /* Build configuration list for PBXNativeTarget "SigueMiSaludTests" */ = {
			isa = XCConfigurationList;
			buildConfigurations = (
				C8BD98732AE420870048AB0C /* Debug */,
				C8BD98742AE420870048AB0C /* Release */,
			);
			defaultConfigurationIsVisible = 0;
			defaultConfigurationName = Release;
		};
		C8BD98752AE420870048AB0C /* Build configuration list for PBXNativeTarget "SigueMiSaludUITests" */ = {
			isa = XCConfigurationList;
			buildConfigurations = (
				C8BD98762AE420870048AB0C /* Debug */,
				C8BD98772AE420870048AB0C /* Release */,
			);
			defaultConfigurationIsVisible = 0;
			defaultConfigurationName = Release;
		};
/* End XCConfigurationList section */

/* Begin XCRemoteSwiftPackageReference section */
		C8BD987B2AE428B10048AB0C /* XCRemoteSwiftPackageReference "Swift-JWT" */ = {
			isa = XCRemoteSwiftPackageReference;
			repositoryURL = "https://github.com/Kitura/Swift-JWT.git";
			requirement = {
				kind = upToNextMajorVersion;
				minimumVersion = 4.0.1;
			};
		};
/* End XCRemoteSwiftPackageReference section */

/* Begin XCSwiftPackageProductDependency section */
		C8BD987C2AE428B10048AB0C /* SwiftJWT */ = {
			isa = XCSwiftPackageProductDependency;
			package = C8BD987B2AE428B10048AB0C /* XCRemoteSwiftPackageReference "Swift-JWT" */;
			productName = SwiftJWT;
		};
/* End XCSwiftPackageProductDependency section */
	};
	rootObject = C8BD98422AE420860048AB0C /* Project object */;
}
